
Microsoft Visual Studio Solution File, Format Version 12.00
# Visual Studio Version 17
VisualStudioVersion = 17.4.33122.133
MinimumVisualStudioVersion = 10.0.40219.1
Project("{FAE04EC0-301F-11D3-BF4B-00C04F79EFBC}") = "JwtWebApi", "JwtWebApi\JwtWebApi.csproj", "{2CFD6486-9F8E-4628-816C-B60B1A2DE26A}"
EndProject
Global
	GlobalSection(SolutionConfigurationPlatforms) = preSolution
		Debug|Any CPU = Debug|Any CPU
		Release|Any CPU = Release|Any CPU
	EndGlobalSection
	GlobalSection(ProjectConfigurationPlatforms) = postSolution
		{2CFD6486-9F8E-4628-816C-B60B1A2DE26A}.Debug|Any CPU.ActiveCfg = Debug|Any CPU
		{2CFD6486-9F8E-4628-816C-B60B1A2DE26A}.Debug|Any CPU.Build.0 = Debug|Any CPU
		{2CFD6486-9F8E-4628-816C-B60B1A2DE26A}.Release|Any CPU.ActiveCfg = Release|Any CPU
		{2CFD6486-9F8E-4628-816C-B60B1A2DE26A}.Release|Any CPU.Build.0 = Release|Any CPU
	EndGlobalSection
	GlobalSection(SolutionProperties) = preSolution
		HideSolutionNode = FALSE
	EndGlobalSection
	GlobalSection(ExtensibilityGlobals) = postSolution
		SolutionGuid = {900469DF-E7C4-4257-BC7E-B4FCE568501C}
	EndGlobalSection
EndGlobal
